# THIS IS AN AUTOGENERATED FILE. DO NOT EDIT THIS FILE DIRECTLY.
# yarn lockfile v1


"@types/estree@0.0.38":
  version "0.0.38"
  resolved "https://registry.yarnpkg.com/@types/estree/-/estree-0.0.38.tgz#c1be40aa933723c608820a99a373a16d215a1ca2"

"@types/node@*":
  version "10.0.8"
  resolved "https://registry.yarnpkg.com/@types/node/-/node-10.0.8.tgz#37b4d91d4e958e4c2ba0be2b86e7ed4ff19b0858"

rollup@^0.58.2:
  version "0.58.2"
  resolved "https://registry.yarnpkg.com/rollup/-/rollup-0.58.2.tgz#2feddea8c0c022f3e74b35c48e3c21b3433803ce"
  dependencies:
    "@types/estree" "0.0.38"
    "@types/node" "*"
